
Microsoft Visual Studio Solution File, Format Version 12.00
# Visual Studio 15
VisualStudioVersion = 15.0.27004.2005
MinimumVisualStudioVersion = 10.0.40219.1
Project("{F5034706-568F-408A-B7B3-4D38C6DB8A32}") = "PSVultrAPI_Module", "PSVultrAPI_Module.pssproj", "{6CAFC0C6-A428-4D30-A9F9-700E829FEA51}"
EndProject
Project("{F5034706-568F-408A-B7B3-4D38C6DB8A32}") = "PSVultrAPI", "PSVultrAPI\PSVultrAPI.pssproj", "{8855D31A-A42B-422C-867F-57C59930CD20}"
EndProject
Global
	GlobalSection(SolutionConfigurationPlatforms) = preSolution
		Debug|Any CPU = Debug|Any CPU
		Release|Any CPU = Release|Any CPU
	EndGlobalSection
	GlobalSection(ProjectConfigurationPlatforms) = postSolution
		{6CAFC0C6-A428-4D30-A9F9-700E829FEA51}.Debug|Any CPU.ActiveCfg = Debug|Any CPU
		{6CAFC0C6-A428-4D30-A9F9-700E829FEA51}.Debug|Any CPU.Build.0 = Debug|Any CPU
		{6CAFC0C6-A428-4D30-A9F9-700E829FEA51}.Release|Any CPU.ActiveCfg = Release|Any CPU
		{6CAFC0C6-A428-4D30-A9F9-700E829FEA51}.Release|Any CPU.Build.0 = Release|Any CPU
		{8855D31A-A42B-422C-867F-57C59930CD20}.Debug|Any CPU.ActiveCfg = Debug|Any CPU
		{8855D31A-A42B-422C-867F-57C59930CD20}.Debug|Any CPU.Build.0 = Debug|Any CPU
		{8855D31A-A42B-422C-867F-57C59930CD20}.Release|Any CPU.ActiveCfg = Release|Any CPU
		{8855D31A-A42B-422C-867F-57C59930CD20}.Release|Any CPU.Build.0 = Release|Any CPU
	EndGlobalSection
	GlobalSection(SolutionProperties) = preSolution
		HideSolutionNode = FALSE
	EndGlobalSection
	GlobalSection(ExtensibilityGlobals) = postSolution
		SolutionGuid = {29DF03ED-1893-433B-A48F-ADB81D9D8FD7}
	EndGlobalSection
EndGlobal
